{
  "name": "keplerplayer",
  "version": "1.0.0",
  "lockfileVersion": 1,
  "requires": true,
  "dependencies": {
    "aplay": {
      "version": "1.1.0",
      "resolved": "https://registry.npmjs.org/aplay/-/aplay-1.1.0.tgz",
      "integrity": "sha1-K5z1yCa+Z3fFw5LgiXTaMXzCPhg="
    },
    "node-gpio": {
      "version": "git+https://github.com/paulvarache/node-gpio.git#30d6f73eca8c04f7dd4ad66791803819dd76d405"
    }
  }
}
